
Microsoft Visual Studio Solution File, Format Version 12.00
# Visual Studio Version 16
VisualStudioVersion = 16.0.31911.196
MinimumVisualStudioVersion = 10.0.40219.1
Project("{9A19103F-16F7-4668-BE54-9A1E7A4F7556}") = "VHSBackend.Web", "VHS\VHSBackend.Web.csproj", "{DD47B5BE-3CB9-4613-895F-9C7D0F4A4E28}"
EndProject
Project("{9A19103F-16F7-4668-BE54-9A1E7A4F7556}") = "VHSBackend.Core", "VHSBackend.Core\VHSBackend.Core.csproj", "{12732D99-C37E-4360-B7BD-35D1536638E6}"
EndProject
Project("{9A19103F-16F7-4668-BE54-9A1E7A4F7556}") = "VHS.Entity", "VHS.Entity\VHS.Entity.csproj", "{D337B5A7-7669-4FF5-A76C-92103E5DB53B}"
EndProject
Global
	GlobalSection(SolutionConfigurationPlatforms) = preSolution
		Debug|Any CPU = Debug|Any CPU
		Release|Any CPU = Release|Any CPU
	EndGlobalSection
	GlobalSection(ProjectConfigurationPlatforms) = postSolution
		{DD47B5BE-3CB9-4613-895F-9C7D0F4A4E28}.Debug|Any CPU.ActiveCfg = Debug|Any CPU
		{DD47B5BE-3CB9-4613-895F-9C7D0F4A4E28}.Debug|Any CPU.Build.0 = Debug|Any CPU
		{DD47B5BE-3CB9-4613-895F-9C7D0F4A4E28}.Release|Any CPU.ActiveCfg = Release|Any CPU
		{DD47B5BE-3CB9-4613-895F-9C7D0F4A4E28}.Release|Any CPU.Build.0 = Release|Any CPU
		{12732D99-C37E-4360-B7BD-35D1536638E6}.Debug|Any CPU.ActiveCfg = Debug|Any CPU
		{12732D99-C37E-4360-B7BD-35D1536638E6}.Debug|Any CPU.Build.0 = Debug|Any CPU
		{12732D99-C37E-4360-B7BD-35D1536638E6}.Release|Any CPU.ActiveCfg = Release|Any CPU
		{12732D99-C37E-4360-B7BD-35D1536638E6}.Release|Any CPU.Build.0 = Release|Any CPU
		{D337B5A7-7669-4FF5-A76C-92103E5DB53B}.Debug|Any CPU.ActiveCfg = Debug|Any CPU
		{D337B5A7-7669-4FF5-A76C-92103E5DB53B}.Debug|Any CPU.Build.0 = Debug|Any CPU
		{D337B5A7-7669-4FF5-A76C-92103E5DB53B}.Release|Any CPU.ActiveCfg = Release|Any CPU
		{D337B5A7-7669-4FF5-A76C-92103E5DB53B}.Release|Any CPU.Build.0 = Release|Any CPU
	EndGlobalSection
	GlobalSection(SolutionProperties) = preSolution
		HideSolutionNode = FALSE
	EndGlobalSection
	GlobalSection(ExtensibilityGlobals) = postSolution
		SolutionGuid = {992B4C86-3B08-4F12-A31A-2BB20AA938BB}
	EndGlobalSection
EndGlobal
